
Microsoft Visual Studio Solution File, Format Version 12.00
# Visual Studio Version 17
VisualStudioVersion = 17.8.34322.80
MinimumVisualStudioVersion = 10.0.40219.1
Project("{9A19103F-16F7-4668-BE54-9A1E7A4F7556}") = "webShop.WebApp", "webShop.WebApp\webShop.WebApp.csproj", "{A7CAA0FD-B446-4E76-A847-50C5AB16F271}"
EndProject
Project("{2150E333-8FDC-42A3-9474-1A3956D46DE8}") = "Solution Items", "Solution Items", "{F6C85E01-0C10-4F47-9D9B-95C84F74F5A0}"
	ProjectSection(SolutionItems) = preProject
		README.txt = README.txt
	EndProjectSection
EndProject
Global
	GlobalSection(SolutionConfigurationPlatforms) = preSolution
		Debug|Any CPU = Debug|Any CPU
		Release|Any CPU = Release|Any CPU
	EndGlobalSection
	GlobalSection(ProjectConfigurationPlatforms) = postSolution
		{A7CAA0FD-B446-4E76-A847-50C5AB16F271}.Debug|Any CPU.ActiveCfg = Debug|Any CPU
		{A7CAA0FD-B446-4E76-A847-50C5AB16F271}.Debug|Any CPU.Build.0 = Debug|Any CPU
		{A7CAA0FD-B446-4E76-A847-50C5AB16F271}.Release|Any CPU.ActiveCfg = Release|Any CPU
		{A7CAA0FD-B446-4E76-A847-50C5AB16F271}.Release|Any CPU.Build.0 = Release|Any CPU
	EndGlobalSection
	GlobalSection(SolutionProperties) = preSolution
		HideSolutionNode = FALSE
	EndGlobalSection
	GlobalSection(ExtensibilityGlobals) = postSolution
		SolutionGuid = {8B9D65AC-86F1-4625-B308-EF063D5D47CE}
	EndGlobalSection
EndGlobal
